
Microsoft Visual Studio Solution File, Format Version 12.00
# Visual Studio Version 16
VisualStudioVersion = 16.0.31019.35
MinimumVisualStudioVersion = 10.0.40219.1
Project("{9A19103F-16F7-4668-BE54-9A1E7A4F7556}") = "DGP.CleanCode", "DGP.CleanCode\DGP.CleanCode.csproj", "{FF7A0B33-225C-4767-9C1F-C66DC31AA051}"
EndProject
Project("{9A19103F-16F7-4668-BE54-9A1E7A4F7556}") = "DGP.DesignPatterns", "DGP.DesignPatterns\DGP.DesignPatterns.csproj", "{28AF6ABE-8D93-4032-8B9F-C1947DAE5C83}"
EndProject
Project("{2150E333-8FDC-42A3-9474-1A3956D46DE8}") = "SOLID", "SOLID", "{1C6B3FC4-3BBA-43C4-9B9F-D71885BB0878}"
EndProject
Project("{FAE04EC0-301F-11D3-BF4B-00C04F79EFBC}") = "DIP-bad", "SOLID\DIP-bad\DIP-bad.csproj", "{A1C5ABD7-D76E-4507-AFB3-8316193933AD}"
EndProject
Project("{FAE04EC0-301F-11D3-BF4B-00C04F79EFBC}") = "DIP-good", "SOLID\DIP-good\DIP-good.csproj", "{A247F571-4DBF-4A52-AC2E-A0AC40ABA40D}"
EndProject
Project("{FAE04EC0-301F-11D3-BF4B-00C04F79EFBC}") = "ISP-bad", "SOLID\ISP-bad\ISP-bad.csproj", "{733F1D2E-61E7-43EB-9994-2623B5FB8A55}"
EndProject
Project("{FAE04EC0-301F-11D3-BF4B-00C04F79EFBC}") = "ISP-good", "SOLID\ISP-good\ISP-good.csproj", "{D46AD188-FE5F-4EE2-8841-E6E94CE13023}"
EndProject
Project("{FAE04EC0-301F-11D3-BF4B-00C04F79EFBC}") = "LSP-bad", "SOLID\LSP_bad\LSP-bad.csproj", "{99E039BE-2E0D-4C5F-8D87-A9EDFE9BAD73}"
EndProject
Project("{FAE04EC0-301F-11D3-BF4B-00C04F79EFBC}") = "OCP-bad", "SOLID\OCP-bad\OCP-bad.csproj", "{8770E712-44E2-4100-B5AE-BF309EE6B2AA}"
EndProject
Project("{FAE04EC0-301F-11D3-BF4B-00C04F79EFBC}") = "OCP-good", "SOLID\OCP-good\OCP-good.csproj", "{A8B0CBA0-D934-4181-821D-68ADF67F1F7F}"
EndProject
Project("{FAE04EC0-301F-11D3-BF4B-00C04F79EFBC}") = "SRP-bad", "SOLID\SRP-bad\SRP-bad.csproj", "{09CA9E0C-2E89-443B-86F7-68FBBD9313A9}"
EndProject
Project("{FAE04EC0-301F-11D3-BF4B-00C04F79EFBC}") = "SRP-good", "SOLID\SRP-good\SRP-good.csproj", "{ACEA24E7-CEDC-4FD0-B2C9-14D8AE83C1B7}"
EndProject
Global
	GlobalSection(SolutionConfigurationPlatforms) = preSolution
		Debug|Any CPU = Debug|Any CPU
		Release|Any CPU = Release|Any CPU
	EndGlobalSection
	GlobalSection(ProjectConfigurationPlatforms) = postSolution
		{FF7A0B33-225C-4767-9C1F-C66DC31AA051}.Debug|Any CPU.ActiveCfg = Debug|Any CPU
		{FF7A0B33-225C-4767-9C1F-C66DC31AA051}.Debug|Any CPU.Build.0 = Debug|Any CPU
		{FF7A0B33-225C-4767-9C1F-C66DC31AA051}.Release|Any CPU.ActiveCfg = Release|Any CPU
		{FF7A0B33-225C-4767-9C1F-C66DC31AA051}.Release|Any CPU.Build.0 = Release|Any CPU
		{28AF6ABE-8D93-4032-8B9F-C1947DAE5C83}.Debug|Any CPU.ActiveCfg = Debug|Any CPU
		{28AF6ABE-8D93-4032-8B9F-C1947DAE5C83}.Debug|Any CPU.Build.0 = Debug|Any CPU
		{28AF6ABE-8D93-4032-8B9F-C1947DAE5C83}.Release|Any CPU.ActiveCfg = Release|Any CPU
		{28AF6ABE-8D93-4032-8B9F-C1947DAE5C83}.Release|Any CPU.Build.0 = Release|Any CPU
		{A1C5ABD7-D76E-4507-AFB3-8316193933AD}.Debug|Any CPU.ActiveCfg = Debug|Any CPU
		{A1C5ABD7-D76E-4507-AFB3-8316193933AD}.Debug|Any CPU.Build.0 = Debug|Any CPU
		{A1C5ABD7-D76E-4507-AFB3-8316193933AD}.Release|Any CPU.ActiveCfg = Release|Any CPU
		{A1C5ABD7-D76E-4507-AFB3-8316193933AD}.Release|Any CPU.Build.0 = Release|Any CPU
		{A247F571-4DBF-4A52-AC2E-A0AC40ABA40D}.Debug|Any CPU.ActiveCfg = Debug|Any CPU
		{A247F571-4DBF-4A52-AC2E-A0AC40ABA40D}.Debug|Any CPU.Build.0 = Debug|Any CPU
		{A247F571-4DBF-4A52-AC2E-A0AC40ABA40D}.Release|Any CPU.ActiveCfg = Release|Any CPU
		{A247F571-4DBF-4A52-AC2E-A0AC40ABA40D}.Release|Any CPU.Build.0 = Release|Any CPU
		{733F1D2E-61E7-43EB-9994-2623B5FB8A55}.Debug|Any CPU.ActiveCfg = Debug|Any CPU
		{733F1D2E-61E7-43EB-9994-2623B5FB8A55}.Debug|Any CPU.Build.0 = Debug|Any CPU
		{733F1D2E-61E7-43EB-9994-2623B5FB8A55}.Release|Any CPU.ActiveCfg = Release|Any CPU
		{733F1D2E-61E7-43EB-9994-2623B5FB8A55}.Release|Any CPU.Build.0 = Release|Any CPU
		{D46AD188-FE5F-4EE2-8841-E6E94CE13023}.Debug|Any CPU.ActiveCfg = Debug|Any CPU
		{D46AD188-FE5F-4EE2-8841-E6E94CE13023}.Debug|Any CPU.Build.0 = Debug|Any CPU
		{D46AD188-FE5F-4EE2-8841-E6E94CE13023}.Release|Any CPU.ActiveCfg = Release|Any CPU
		{D46AD188-FE5F-4EE2-8841-E6E94CE13023}.Release|Any CPU.Build.0 = Release|Any CPU
		{99E039BE-2E0D-4C5F-8D87-A9EDFE9BAD73}.Debug|Any CPU.ActiveCfg = Debug|Any CPU
		{99E039BE-2E0D-4C5F-8D87-A9EDFE9BAD73}.Debug|Any CPU.Build.0 = Debug|Any CPU
		{99E039BE-2E0D-4C5F-8D87-A9EDFE9BAD73}.Release|Any CPU.ActiveCfg = Release|Any CPU
		{99E039BE-2E0D-4C5F-8D87-A9EDFE9BAD73}.Release|Any CPU.Build.0 = Release|Any CPU
		{8770E712-44E2-4100-B5AE-BF309EE6B2AA}.Debug|Any CPU.ActiveCfg = Debug|Any CPU
		{8770E712-44E2-4100-B5AE-BF309EE6B2AA}.Debug|Any CPU.Build.0 = Debug|Any CPU
		{8770E712-44E2-4100-B5AE-BF309EE6B2AA}.Release|Any CPU.ActiveCfg = Release|Any CPU
		{8770E712-44E2-4100-B5AE-BF309EE6B2AA}.Release|Any CPU.Build.0 = Release|Any CPU
		{A8B0CBA0-D934-4181-821D-68ADF67F1F7F}.Debug|Any CPU.ActiveCfg = Debug|Any CPU
		{A8B0CBA0-D934-4181-821D-68ADF67F1F7F}.Debug|Any CPU.Build.0 = Debug|Any CPU
		{A8B0CBA0-D934-4181-821D-68ADF67F1F7F}.Release|Any CPU.ActiveCfg = Release|Any CPU
		{A8B0CBA0-D934-4181-821D-68ADF67F1F7F}.Release|Any CPU.Build.0 = Release|Any CPU
		{09CA9E0C-2E89-443B-86F7-68FBBD9313A9}.Debug|Any CPU.ActiveCfg = Debug|Any CPU
		{09CA9E0C-2E89-443B-86F7-68FBBD9313A9}.Debug|Any CPU.Build.0 = Debug|Any CPU
		{09CA9E0C-2E89-443B-86F7-68FBBD9313A9}.Release|Any CPU.ActiveCfg = Release|Any CPU
		{09CA9E0C-2E89-443B-86F7-68FBBD9313A9}.Release|Any CPU.Build.0 = Release|Any CPU
		{ACEA24E7-CEDC-4FD0-B2C9-14D8AE83C1B7}.Debug|Any CPU.ActiveCfg = Debug|Any CPU
		{ACEA24E7-CEDC-4FD0-B2C9-14D8AE83C1B7}.Debug|Any CPU.Build.0 = Debug|Any CPU
		{ACEA24E7-CEDC-4FD0-B2C9-14D8AE83C1B7}.Release|Any CPU.ActiveCfg = Release|Any CPU
		{ACEA24E7-CEDC-4FD0-B2C9-14D8AE83C1B7}.Release|Any CPU.Build.0 = Release|Any CPU
	EndGlobalSection
	GlobalSection(SolutionProperties) = preSolution
		HideSolutionNode = FALSE
	EndGlobalSection
	GlobalSection(NestedProjects) = preSolution
		{A1C5ABD7-D76E-4507-AFB3-8316193933AD} = {1C6B3FC4-3BBA-43C4-9B9F-D71885BB0878}
		{A247F571-4DBF-4A52-AC2E-A0AC40ABA40D} = {1C6B3FC4-3BBA-43C4-9B9F-D71885BB0878}
		{733F1D2E-61E7-43EB-9994-2623B5FB8A55} = {1C6B3FC4-3BBA-43C4-9B9F-D71885BB0878}
		{D46AD188-FE5F-4EE2-8841-E6E94CE13023} = {1C6B3FC4-3BBA-43C4-9B9F-D71885BB0878}
		{99E039BE-2E0D-4C5F-8D87-A9EDFE9BAD73} = {1C6B3FC4-3BBA-43C4-9B9F-D71885BB0878}
		{8770E712-44E2-4100-B5AE-BF309EE6B2AA} = {1C6B3FC4-3BBA-43C4-9B9F-D71885BB0878}
		{A8B0CBA0-D934-4181-821D-68ADF67F1F7F} = {1C6B3FC4-3BBA-43C4-9B9F-D71885BB0878}
		{09CA9E0C-2E89-443B-86F7-68FBBD9313A9} = {1C6B3FC4-3BBA-43C4-9B9F-D71885BB0878}
		{ACEA24E7-CEDC-4FD0-B2C9-14D8AE83C1B7} = {1C6B3FC4-3BBA-43C4-9B9F-D71885BB0878}
	EndGlobalSection
	GlobalSection(ExtensibilityGlobals) = postSolution
		SolutionGuid = {C6BA5414-882A-4BDF-BDBA-E265F6597EE6}
	EndGlobalSection
EndGlobal
